// !$*UTF8*$!
{
	archiveVersion = 1;
	classes = {
	};
	objectVersion = 46;
	objects = {

/* Begin PBXBuildFile section */
		808244691A1A0068002B3681 /* main.m in Sources */ = {isa = PBXBuildFile; fileRef = 808244681A1A0068002B3681 /* main.m */; };
		8082446C1A1A0068002B3681 /* AppDelegate.m in Sources */ = {isa = PBXBuildFile; fileRef = 8082446B1A1A0068002B3681 /* AppDelegate.m */; };
		8082446F1A1A0068002B3681 /* ViewController.m in Sources */ = {isa = PBXBuildFile; fileRef = 8082446E1A1A0068002B3681 /* ViewController.m */; };
		808244721A1A0068002B3681 /* Main.storyboard in Resources */ = {isa = PBXBuildFile; fileRef = 808244701A1A0068002B3681 /* Main.storyboard */; };
		808244741A1A0068002B3681 /* Images.xcassets in Resources */ = {isa = PBXBuildFile; fileRef = 808244731A1A0068002B3681 /* Images.xcassets */; };
		808244771A1A0068002B3681 /* LaunchScreen.xib in Resources */ = {isa = PBXBuildFile; fileRef = 808244751A1A0068002B3681 /* LaunchScreen.xib */; };
		808244831A1A0068002B3681 /* TestKLLoggerTests.m in Sources */ = {isa = PBXBuildFile; fileRef = 808244821A1A0068002B3681 /* TestKLLoggerTests.m */; };
		808244951A1A0082002B3681 /* KLLogger.m in Sources */ = {isa = PBXBuildFile; fileRef = 8082448E1A1A0082002B3681 /* KLLogger.m */; };
		808244961A1A0082002B3681 /* Logger.m in Sources */ = {isa = PBXBuildFile; fileRef = 808244921A1A0082002B3681 /* Logger.m */; };
/* End PBXBuildFile section */

/* Begin PBXContainerItemProxy section */
		8082447D1A1A0068002B3681 /* PBXContainerItemProxy */ = {
			isa = PBXContainerItemProxy;
			containerPortal = 8082445B1A1A0068002B3681 /* Project object */;
			proxyType = 1;
			remoteGlobalIDString = 808244621A1A0068002B3681;
			remoteInfo = TestKLLogger;
		};
/* End PBXContainerItemProxy section */

/* Begin PBXFileReference section */
		808244631A1A0068002B3681 /* TestKLLogger.app */ = {isa = PBXFileReference; explicitFileType = wrapper.application; includeInIndex = 0; path = TestKLLogger.app; sourceTree = BUILT_PRODUCTS_DIR; };
		808244671A1A0068002B3681 /* Info.plist */ = {isa = PBXFileReference; lastKnownFileType = text.plist.xml; path = Info.plist; sourceTree = "<group>"; };
		808244681A1A0068002B3681 /* main.m */ = {isa = PBXFileReference; lastKnownFileType = sourcecode.c.objc; path = main.m; sourceTree = "<group>"; };
		8082446A1A1A0068002B3681 /* AppDelegate.h */ = {isa = PBXFileReference; lastKnownFileType = sourcecode.c.h; path = AppDelegate.h; sourceTree = "<group>"; };
		8082446B1A1A0068002B3681 /* AppDelegate.m */ = {isa = PBXFileReference; lastKnownFileType = sourcecode.c.objc; path = AppDelegate.m; sourceTree = "<group>"; };
		8082446D1A1A0068002B3681 /* ViewController.h */ = {isa = PBXFileReference; lastKnownFileType = sourcecode.c.h; path = ViewController.h; sourceTree = "<group>"; };
		8082446E1A1A0068002B3681 /* ViewController.m */ = {isa = PBXFileReference; lastKnownFileType = sourcecode.c.objc; path = ViewController.m; sourceTree = "<group>"; };
		808244711A1A0068002B3681 /* Base */ = {isa = PBXFileReference; lastKnownFileType = file.storyboard; name = Base; path = Base.lproj/Main.storyboard; sourceTree = "<group>"; };
		808244731A1A0068002B3681 /* Images.xcassets */ = {isa = PBXFileReference; lastKnownFileType = folder.assetcatalog; path = Images.xcassets; sourceTree = "<group>"; };
		808244761A1A0068002B3681 /* Base */ = {isa = PBXFileReference; lastKnownFileType = file.xib; name = Base; path = Base.lproj/LaunchScreen.xib; sourceTree = "<group>"; };
		8082447C1A1A0068002B3681 /* TestKLLoggerTests.xctest */ = {isa = PBXFileReference; explicitFileType = wrapper.cfbundle; includeInIndex = 0; path = TestKLLoggerTests.xctest; sourceTree = BUILT_PRODUCTS_DIR; };
		808244811A1A0068002B3681 /* Info.plist */ = {isa = PBXFileReference; lastKnownFileType = text.plist.xml; path = Info.plist; sourceTree = "<group>"; };
		808244821A1A0068002B3681 /* TestKLLoggerTests.m */ = {isa = PBXFileReference; lastKnownFileType = sourcecode.c.objc; path = TestKLLoggerTests.m; sourceTree = "<group>"; };
		8082448D1A1A0082002B3681 /* KLLogger.h */ = {isa = PBXFileReference; fileEncoding = 4; lastKnownFileType = sourcecode.c.h; path = KLLogger.h; sourceTree = "<group>"; };
		8082448E1A1A0082002B3681 /* KLLogger.m */ = {isa = PBXFileReference; fileEncoding = 4; lastKnownFileType = sourcecode.c.objc; path = KLLogger.m; sourceTree = "<group>"; };
		8082448F1A1A0082002B3681 /* KLLoggerDefine.h */ = {isa = PBXFileReference; fileEncoding = 4; lastKnownFileType = sourcecode.c.h; path = KLLoggerDefine.h; sourceTree = "<group>"; };
		808244911A1A0082002B3681 /* Logger.h */ = {isa = PBXFileReference; fileEncoding = 4; lastKnownFileType = sourcecode.c.h; path = Logger.h; sourceTree = "<group>"; };
		808244921A1A0082002B3681 /* Logger.m */ = {isa = PBXFileReference; fileEncoding = 4; lastKnownFileType = sourcecode.c.objc; path = Logger.m; sourceTree = "<group>"; };
/* End PBXFileReference section */

/* Begin PBXFrameworksBuildPhase section */
		808244601A1A0068002B3681 /* Frameworks */ = {
			isa = PBXFrameworksBuildPhase;
			buildActionMask = 2147483647;
			files = (
			);
			runOnlyForDeploymentPostprocessing = 0;
		};
		808244791A1A0068002B3681 /* Frameworks */ = {
			isa = PBXFrameworksBuildPhase;
			buildActionMask = 2147483647;
			files = (
			);
			runOnlyForDeploymentPostprocessing = 0;
		};
/* End PBXFrameworksBuildPhase section */

/* Begin PBXGroup section */
		8082445A1A1A0068002B3681 = {
			isa = PBXGroup;
			children = (
				8082448C1A1A0082002B3681 /* KLLogger */,
				808244651A1A0068002B3681 /* TestKLLogger */,
				8082447F1A1A0068002B3681 /* TestKLLoggerTests */,
				808244641A1A0068002B3681 /* Products */,
			);
			sourceTree = "<group>";
		};
		808244641A1A0068002B3681 /* Products */ = {
			isa = PBXGroup;
			children = (
				808244631A1A0068002B3681 /* TestKLLogger.app */,
				8082447C1A1A0068002B3681 /* TestKLLoggerTests.xctest */,
			);
			name = Products;
			sourceTree = "<group>";
		};
		808244651A1A0068002B3681 /* TestKLLogger */ = {
			isa = PBXGroup;
			children = (
				8082446A1A1A0068002B3681 /* AppDelegate.h */,
				8082446B1A1A0068002B3681 /* AppDelegate.m */,
				8082446D1A1A0068002B3681 /* ViewController.h */,
				8082446E1A1A0068002B3681 /* ViewController.m */,
				808244701A1A0068002B3681 /* Main.storyboard */,
				808244731A1A0068002B3681 /* Images.xcassets */,
				808244751A1A0068002B3681 /* LaunchScreen.xib */,
				808244661A1A0068002B3681 /* Supporting Files */,
			);
			path = TestKLLogger;
			sourceTree = "<group>";
		};
		808244661A1A0068002B3681 /* Supporting Files */ = {
			isa = PBXGroup;
			children = (
				808244671A1A0068002B3681 /* Info.plist */,
				808244681A1A0068002B3681 /* main.m */,
			);
			name = "Supporting Files";
			sourceTree = "<group>";
		};
		8082447F1A1A0068002B3681 /* TestKLLoggerTests */ = {
			isa = PBXGroup;
			children = (
				808244821A1A0068002B3681 /* TestKLLoggerTests.m */,
				808244801A1A0068002B3681 /* Supporting Files */,
			);
			path = TestKLLoggerTests;
			sourceTree = "<group>";
		};
		808244801A1A0068002B3681 /* Supporting Files */ = {
			isa = PBXGroup;
			children = (
				808244811A1A0068002B3681 /* Info.plist */,
			);
			name = "Supporting Files";
			sourceTree = "<group>";
		};
		8082448C1A1A0082002B3681 /* KLLogger */ = {
			isa = PBXGroup;
			children = (
				8082448F1A1A0082002B3681 /* KLLoggerDefine.h */,
				8082448D1A1A0082002B3681 /* KLLogger.h */,
				8082448E1A1A0082002B3681 /* KLLogger.m */,
				808244901A1A0082002B3681 /* Logger */,
			);
			name = KLLogger;
			path = ../KLLogger;
			sourceTree = "<group>";
		};
		808244901A1A0082002B3681 /* Logger */ = {
			isa = PBXGroup;
			children = (
				808244911A1A0082002B3681 /* Logger.h */,
				808244921A1A0082002B3681 /* Logger.m */,
			);
			path = Logger;
			sourceTree = "<group>";
		};
/* End PBXGroup section */

/* Begin PBXNativeTarget section */
		808244621A1A0068002B3681 /* TestKLLogger */ = {
			isa = PBXNativeTarget;
			buildConfigurationList = 808244861A1A0068002B3681 /* Build configuration list for PBXNativeTarget "TestKLLogger" */;
			buildPhases = (
				8082445F1A1A0068002B3681 /* Sources */,
				808244601A1A0068002B3681 /* Frameworks */,
				808244611A1A0068002B3681 /* Resources */,
			);
			buildRules = (
			);
			dependencies = (
			);
			name = TestKLLogger;
			productName = TestKLLogger;
			productReference = 808244631A1A0068002B3681 /* TestKLLogger.app */;
			productType = "com.apple.product-type.application";
		};
		8082447B1A1A0068002B3681 /* TestKLLoggerTests */ = {
			isa = PBXNativeTarget;
			buildConfigurationList = 808244891A1A0068002B3681 /* Build configuration list for PBXNativeTarget "TestKLLoggerTests" */;
			buildPhases = (
				808244781A1A0068002B3681 /* Sources */,
				808244791A1A0068002B3681 /* Frameworks */,
				8082447A1A1A0068002B3681 /* Resources */,
			);
			buildRules = (
			);
			dependencies = (
				8082447E1A1A0068002B3681 /* PBXTargetDependency */,
			);
			name = TestKLLoggerTests;
			productName = TestKLLoggerTests;
			productReference = 8082447C1A1A0068002B3681 /* TestKLLoggerTests.xctest */;
			productType = "com.apple.product-type.bundle.unit-test";
		};
/* End PBXNativeTarget section */

/* Begin PBXProject section */
		8082445B1A1A0068002B3681 /* Project object */ = {
			isa = PBXProject;
			attributes = {
				LastUpgradeCheck = 0610;
				ORGANIZATIONNAME = KLStudio;
				TargetAttributes = {
					808244621A1A0068002B3681 = {
						CreatedOnToolsVersion = 6.1;
					};
					8082447B1A1A0068002B3681 = {
						CreatedOnToolsVersion = 6.1;
						TestTargetID = 808244621A1A0068002B3681;
					};
				};
			};
			buildConfigurationList = 8082445E1A1A0068002B3681 /* Build configuration list for PBXProject "TestKLLogger" */;
			compatibilityVersion = "Xcode 3.2";
			developmentRegion = English;
			hasScannedForEncodings = 0;
			knownRegions = (
				en,
				Base,
			);
			mainGroup = 8082445A1A1A0068002B3681;
			productRefGroup = 808244641A1A0068002B3681 /* Products */;
			projectDirPath = "";
			projectRoot = "";
			targets = (
				808244621A1A0068002B3681 /* TestKLLogger */,
				8082447B1A1A0068002B3681 /* TestKLLoggerTests */,
			);
		};
/* End PBXProject section */

/* Begin PBXResourcesBuildPhase section */
		808244611A1A0068002B3681 /* Resources */ = {
			isa = PBXResourcesBuildPhase;
			buildActionMask = 2147483647;
			files = (
				808244721A1A0068002B3681 /* Main.storyboard in Resources */,
				808244771A1A0068002B3681 /* LaunchScreen.xib in Resources */,
				808244741A1A0068002B3681 /* Images.xcassets in Resources */,
			);
			runOnlyForDeploymentPostprocessing = 0;
		};
		8082447A1A1A0068002B3681 /* Resources */ = {
			isa = PBXResourcesBuildPhase;
			buildActionMask = 2147483647;
			files = (
			);
			runOnlyForDeploymentPostprocessing = 0;
		};
/* End PBXResourcesBuildPhase section */

/* Begin PBXSourcesBuildPhase section */
		8082445F1A1A0068002B3681 /* Sources */ = {
			isa = PBXSourcesBuildPhase;
			buildActionMask = 2147483647;
			files = (
				808244951A1A0082002B3681 /* KLLogger.m in Sources */,
				8082446F1A1A0068002B3681 /* ViewController.m in Sources */,
				8082446C1A1A0068002B3681 /* AppDelegate.m in Sources */,
				808244691A1A0068002B3681 /* main.m in Sources */,
				808244961A1A0082002B3681 /* Logger.m in Sources */,
			);
			runOnlyForDeploymentPostprocessing = 0;
		};
		808244781A1A0068002B3681 /* Sources */ = {
			isa = PBXSourcesBuildPhase;
			buildActionMask = 2147483647;
			files = (
				808244831A1A0068002B3681 /* TestKLLoggerTests.m in Sources */,
			);
			runOnlyForDeploymentPostprocessing = 0;
		};
/* End PBXSourcesBuildPhase section */

/* Begin PBXTargetDependency section */
		8082447E1A1A0068002B3681 /* PBXTargetDependency */ = {
			isa = PBXTargetDependency;
			target = 808244621A1A0068002B3681 /* TestKLLogger */;
			targetProxy = 8082447D1A1A0068002B3681 /* PBXContainerItemProxy */;
		};
/* End PBXTargetDependency section */

/* Begin PBXVariantGroup section */
		808244701A1A0068002B3681 /* Main.storyboard */ = {
			isa = PBXVariantGroup;
			children = (
				808244711A1A0068002B3681 /* Base */,
			);
			name = Main.storyboard;
			sourceTree = "<group>";
		};
		808244751A1A0068002B3681 /* LaunchScreen.xib */ = {
			isa = PBXVariantGroup;
			children = (
				808244761A1A0068002B3681 /* Base */,
			);
			name = LaunchScreen.xib;
			sourceTree = "<group>";
		};
/* End PBXVariantGroup section */

/* Begin XCBuildConfiguration section */
		808244841A1A0068002B3681 /* Debug */ = {
			isa = XCBuildConfiguration;
			buildSettings = {
				ALWAYS_SEARCH_USER_PATHS = NO;
				CLANG_CXX_LANGUAGE_STANDARD = "gnu++0x";
				CLANG_CXX_LIBRARY = "libc++";
				CLANG_ENABLE_MODULES = YES;
				CLANG_ENABLE_OBJC_ARC = YES;
				CLANG_WARN_BOOL_CONVERSION = YES;
				CLANG_WARN_CONSTANT_CONVERSION = YES;
				CLANG_WARN_DIRECT_OBJC_ISA_USAGE = YES_ERROR;
				CLANG_WARN_EMPTY_BODY = YES;
				CLANG_WARN_ENUM_CONVERSION = YES;
				CLANG_WARN_INT_CONVERSION = YES;
				CLANG_WARN_OBJC_ROOT_CLASS = YES_ERROR;
				CLANG_WARN_UNREACHABLE_CODE = YES;
				CLANG_WARN__DUPLICATE_METHOD_MATCH = YES;
				"CODE_SIGN_IDENTITY[sdk=iphoneos*]" = "iPhone Developer";
				COPY_PHASE_STRIP = NO;
				ENABLE_STRICT_OBJC_MSGSEND = YES;
				GCC_C_LANGUAGE_STANDARD = gnu99;
				GCC_DYNAMIC_NO_PIC = NO;
				GCC_OPTIMIZATION_LEVEL = 0;
				GCC_PREPROCESSOR_DEFINITIONS = (
					"DEBUG=1",
					"$(inherited)",
				);
				GCC_SYMBOLS_PRIVATE_EXTERN = NO;
				GCC_WARN_64_TO_32_BIT_CONVERSION = YES;
				GCC_WARN_ABOUT_RETURN_TYPE = YES_ERROR;
				GCC_WARN_UNDECLARED_SELECTOR = YES;
				GCC_WARN_UNINITIALIZED_AUTOS = YES_AGGRESSIVE;
				GCC_WARN_UNUSED_FUNCTION = YES;
				GCC_WARN_UNUSED_VARIABLE = YES;
				IPHONEOS_DEPLOYMENT_TARGET = 8.1;
				MTL_ENABLE_DEBUG_INFO = YES;
				ONLY_ACTIVE_ARCH = YES;
				SDKROOT = iphoneos;
				TARGETED_DEVICE_FAMILY = "1,2";
			};
			name = Debug;
		};
		808244851A1A0068002B3681 /* Release */ = {
			isa = XCBuildConfiguration;
			buildSettings = {
				ALWAYS_SEARCH_USER_PATHS = NO;
				CLANG_CXX_LANGUAGE_STANDARD = "gnu++0x";
				CLANG_CXX_LIBRARY = "libc++";
				CLANG_ENABLE_MODULES = YES;
				CLANG_ENABLE_OBJC_ARC = YES;
				CLANG_WARN_BOOL_CONVERSION = YES;
				CLANG_WARN_CONSTANT_CONVERSION = YES;
				CLANG_WARN_DIRECT_OBJC_ISA_USAGE = YES_ERROR;
				CLANG_WARN_EMPTY_BODY = YES;
				CLANG_WARN_ENUM_CONVERSION = YES;
				CLANG_WARN_INT_CONVERSION = YES;
				CLANG_WARN_OBJC_ROOT_CLASS = YES_ERROR;
				CLANG_WARN_UNREACHABLE_CODE = YES;
				CLANG_WARN__DUPLICATE_METHOD_MATCH = YES;
				"CODE_SIGN_IDENTITY[sdk=iphoneos*]" = "iPhone Developer";
				COPY_PHASE_STRIP = YES;
				ENABLE_NS_ASSERTIONS = NO;
				ENABLE_STRICT_OBJC_MSGSEND = YES;
				GCC_C_LANGUAGE_STANDARD = gnu99;
				GCC_WARN_64_TO_32_BIT_CONVERSION = YES;
				GCC_WARN_ABOUT_RETURN_TYPE = YES_ERROR;
				GCC_WARN_UNDECLARED_SELECTOR = YES;
				GCC_WARN_UNINITIALIZED_AUTOS = YES_AGGRESSIVE;
				GCC_WARN_UNUSED_FUNCTION = YES;
				GCC_WARN_UNUSED_VARIABLE = YES;
				IPHONEOS_DEPLOYMENT_TARGET = 8.1;
				MTL_ENABLE_DEBUG_INFO = NO;
				SDKROOT = iphoneos;
				TARGETED_DEVICE_FAMILY = "1,2";
				VALIDATE_PRODUCT = YES;
			};
			name = Release;
		};
		808244871A1A0068002B3681 /* Debug */ = {
			isa = XCBuildConfiguration;
			buildSettings = {
				ASSETCATALOG_COMPILER_APPICON_NAME = AppIcon;
				INFOPLIST_FILE = TestKLLogger/Info.plist;
				LD_RUNPATH_SEARCH_PATHS = "$(inherited) @executable_path/Frameworks";
				PRODUCT_NAME = "$(TARGET_NAME)";
			};
			name = Debug;
		};
		808244881A1A0068002B3681 /* Release */ = {
			isa = XCBuildConfiguration;
			buildSettings = {
				ASSETCATALOG_COMPILER_APPICON_NAME = AppIcon;
				INFOPLIST_FILE = TestKLLogger/Info.plist;
				LD_RUNPATH_SEARCH_PATHS = "$(inherited) @executable_path/Frameworks";
				PRODUCT_NAME = "$(TARGET_NAME)";
			};
			name = Release;
		};
		8082448A1A1A0068002B3681 /* Debug */ = {
			isa = XCBuildConfiguration;
			buildSettings = {
				BUNDLE_LOADER = "$(TEST_HOST)";
				FRAMEWORK_SEARCH_PATHS = (
					"$(SDKROOT)/Developer/Library/Frameworks",
					"$(inherited)",
				);
				GCC_PREPROCESSOR_DEFINITIONS = (
					"DEBUG=1",
					"$(inherited)",
				);
				INFOPLIST_FILE = TestKLLoggerTests/Info.plist;
				LD_RUNPATH_SEARCH_PATHS = "$(inherited) @executable_path/Frameworks @loader_path/Frameworks";
				PRODUCT_NAME = "$(TARGET_NAME)";
				TEST_HOST = "$(BUILT_PRODUCTS_DIR)/TestKLLogger.app/TestKLLogger";
			};
			name = Debug;
		};
		8082448B1A1A0068002B3681 /* Release */ = {
			isa = XCBuildConfiguration;
			buildSettings = {
				BUNDLE_LOADER = "$(TEST_HOST)";
				FRAMEWORK_SEARCH_PATHS = (
					"$(SDKROOT)/Developer/Library/Frameworks",
					"$(inherited)",
				);
				INFOPLIST_FILE = TestKLLoggerTests/Info.plist;
				LD_RUNPATH_SEARCH_PATHS = "$(inherited) @executable_path/Frameworks @loader_path/Frameworks";
				PRODUCT_NAME = "$(TARGET_NAME)";
				TEST_HOST = "$(BUILT_PRODUCTS_DIR)/TestKLLogger.app/TestKLLogger";
			};
			name = Release;
		};
/* End XCBuildConfiguration section */

/* Begin XCConfigurationList section */
		8082445E1A1A0068002B3681 /* Build configuration list for PBXProject "TestKLLogger" */ = {
			isa = XCConfigurationList;
			buildConfigurations = (
				808244841A1A0068002B3681 /* Debug */,
				808244851A1A0068002B3681 /* Release */,
			);
			defaultConfigurationIsVisible = 0;
			defaultConfigurationName = Release;
		};
		808244861A1A0068002B3681 /* Build configuration list for PBXNativeTarget "TestKLLogger" */ = {
			isa = XCConfigurationList;
			buildConfigurations = (
				808244871A1A0068002B3681 /* Debug */,
				808244881A1A0068002B3681 /* Release */,
			);
			defaultConfigurationIsVisible = 0;
			defaultConfigurationName = Release;
		};
		808244891A1A0068002B3681 /* Build configuration list for PBXNativeTarget "TestKLLoggerTests" */ = {
			isa = XCConfigurationList;
			buildConfigurations = (
				8082448A1A1A0068002B3681 /* Debug */,
				8082448B1A1A0068002B3681 /* Release */,
			);
			defaultConfigurationIsVisible = 0;
			defaultConfigurationName = Release;
		};
/* End XCConfigurationList section */
	};
	rootObject = 8082445B1A1A0068002B3681 /* Project object */;
}
